
Microsoft Visual Studio Solution File, Format Version 12.00
# Visual Studio Version 17
VisualStudioVersion = 17.9.34728.123
MinimumVisualStudioVersion = 10.0.40219.1
Project("{FAE04EC0-301F-11D3-BF4B-00C04F79EFBC}") = "DomainDrivenFramework", "DomainDrivenFramework\DomainDrivenFramework.csproj", "{563CC958-D274-4807-B45C-6054C01BC54C}"
EndProject
Global
	GlobalSection(SolutionConfigurationPlatforms) = preSolution
		Debug|Any CPU = Debug|Any CPU
		Release|Any CPU = Release|Any CPU
	EndGlobalSection
	GlobalSection(ProjectConfigurationPlatforms) = postSolution
		{563CC958-D274-4807-B45C-6054C01BC54C}.Debug|Any CPU.ActiveCfg = Debug|Any CPU
		{563CC958-D274-4807-B45C-6054C01BC54C}.Debug|Any CPU.Build.0 = Debug|Any CPU
		{563CC958-D274-4807-B45C-6054C01BC54C}.Release|Any CPU.ActiveCfg = Release|Any CPU
		{563CC958-D274-4807-B45C-6054C01BC54C}.Release|Any CPU.Build.0 = Release|Any CPU
	EndGlobalSection
	GlobalSection(SolutionProperties) = preSolution
		HideSolutionNode = FALSE
	EndGlobalSection
	GlobalSection(ExtensibilityGlobals) = postSolution
		SolutionGuid = {00539D96-8058-4BC6-920B-05EC9665ECD9}
	EndGlobalSection
EndGlobal
