
Microsoft Visual Studio Solution File, Format Version 12.00
# Visual Studio Version 17
VisualStudioVersion = 17.9.34728.123
MinimumVisualStudioVersion = 10.0.40219.1
Project("{9A19103F-16F7-4668-BE54-9A1E7A4F7556}") = "DomainDrivenFramework", "src\DomainDrivenFramework.csproj", "{938820D5-6E4A-4881-B7C8-2B7ABEDBBF21}"
EndProject
Project("{2150E333-8FDC-42A3-9474-1A3956D46DE8}") = "_SolutionItems", "_SolutionItems", "{5C7D2594-84EC-4E6A-8F97-8550EFB76756}"
	ProjectSection(SolutionItems) = preProject
		.gitattributes = .gitattributes
		.gitignore = .gitignore
		LICENSE.txt = LICENSE.txt
		README.md = README.md
	EndProjectSection
EndProject
Global
	GlobalSection(SolutionConfigurationPlatforms) = preSolution
		Debug|Any CPU = Debug|Any CPU
		Release|Any CPU = Release|Any CPU
	EndGlobalSection
	GlobalSection(ProjectConfigurationPlatforms) = postSolution
		{938820D5-6E4A-4881-B7C8-2B7ABEDBBF21}.Debug|Any CPU.ActiveCfg = Debug|Any CPU
		{938820D5-6E4A-4881-B7C8-2B7ABEDBBF21}.Debug|Any CPU.Build.0 = Debug|Any CPU
		{938820D5-6E4A-4881-B7C8-2B7ABEDBBF21}.Release|Any CPU.ActiveCfg = Release|Any CPU
		{938820D5-6E4A-4881-B7C8-2B7ABEDBBF21}.Release|Any CPU.Build.0 = Release|Any CPU
	EndGlobalSection
	GlobalSection(SolutionProperties) = preSolution
		HideSolutionNode = FALSE
	EndGlobalSection
	GlobalSection(ExtensibilityGlobals) = postSolution
		SolutionGuid = {00539D96-8058-4BC6-920B-05EC9665ECD9}
	EndGlobalSection
EndGlobal
